{
  "version": "2",
  "remote": {
    "https://deno.land/std@0.159.0/_util/assert.ts": "e94f2eb37cebd7f199952e242c77654e43333c1ac4c5c700e929ea3aa5489f74",
    "https://deno.land/std@0.159.0/_util/os.ts": "8a33345f74990e627b9dfe2de9b040004b08ea5146c7c9e8fe9a29070d193934",
    "https://deno.land/std@0.159.0/async/abortable.ts": "87aa7230be8360c24ad437212311c9e8d4328854baec27b4c7abb26e85515c06",
    "https://deno.land/std@0.159.0/async/deadline.ts": "48ac998d7564969f3e6ec6b6f9bf0217ebd00239b1b2292feba61272d5dd58d0",
    "https://deno.land/std@0.159.0/async/debounce.ts": "de5433bff08a2bb61416fc53b3bd2d5867090c8a815465e5b4a10a77495b1051",
    "https://deno.land/std@0.159.0/async/deferred.ts": "c01de44b9192359cebd3fe93273fcebf9e95110bf3360023917da9a2d1489fae",
    "https://deno.land/std@0.159.0/async/delay.ts": "0419dfc993752849692d1f9647edf13407c7facc3509b099381be99ffbc9d699",
    "https://deno.land/std@0.159.0/async/mod.ts": "dd0a8ed4f3984ffabe2fcca7c9f466b7932d57b1864ffee148a5d5388316db6b",
    "https://deno.land/std@0.159.0/async/mux_async_iterator.ts": "3447b28a2a582224a3d4d3596bccbba6e85040da3b97ed64012f7decce98d093",
    "https://deno.land/std@0.159.0/async/pool.ts": "ef9eb97b388543acbf0ac32647121e4dbe629236899586c4d4311a8770fbb239",
    "https://deno.land/std@0.159.0/async/tee.ts": "d27680d911816fcb3d231e16d690e7588079e66a9b2e5ce8cc354db94fdce95f",
    "https://deno.land/std@0.159.0/bytes/bytes_list.ts": "aba5e2369e77d426b10af1de0dcc4531acecec27f9b9056f4f7bfbf8ac147ab4",
    "https://deno.land/std@0.159.0/bytes/equals.ts": "3c3558c3ae85526f84510aa2b48ab2ad7bdd899e2e0f5b7a8ffc85acb3a6043a",
    "https://deno.land/std@0.159.0/bytes/mod.ts": "763f97d33051cc3f28af1a688dfe2830841192a9fea0cbaa55f927b49d49d0bf",
    "https://deno.land/std@0.159.0/crypto/timing_safe_equal.ts": "82a29b737bc8932d75d7a20c404136089d5d23629e94ba14efa98a8cc066c73e",
    "https://deno.land/std@0.159.0/encoding/base64.ts": "c57868ca7fa2fbe919f57f88a623ad34e3d970d675bdc1ff3a9d02bba7409db2",
    "https://deno.land/std@0.159.0/encoding/base64url.ts": "a5f82a9fa703bd85a5eb8e7c1296bc6529e601ebd9642cc2b5eaa6b38fa9e05a",
    "https://deno.land/std@0.159.0/flags/mod.ts": "5ecf064f28471b455be61a71b68172236151f3362c8b4a663d5aedee93179ded",
    "https://deno.land/std@0.159.0/fmt/colors.ts": "ff7dc9c9f33a72bd48bc24b21bbc1b4545d8494a431f17894dbc5fe92a938fc4",
    "https://deno.land/std@0.159.0/fmt/printf.ts": "111a4df40a81799da778421ae0260f278e5d79877e30e92403cd57d197a8d1b0",
    "https://deno.land/std@0.159.0/fs/_util.ts": "fdc156f897197f261a1c096dcf8ff9267ed0ff42bd5b31f55053a4763a4bae3b",
    "https://deno.land/std@0.159.0/fs/copy.ts": "73bdf24f4322648d9bc38ef983b818637ba368351d17aa03644209d3ce3eac31",
    "https://deno.land/std@0.159.0/fs/empty_dir.ts": "c15a0aaaf40f8c21cca902aa1e01a789ad0c2fd1b7e2eecf4957053c5dbf707f",
    "https://deno.land/std@0.159.0/fs/ensure_dir.ts": "76395fc1c989ca8d2de3aedfa8240eb8f5225cde20f926de957995b063135b80",
    "https://deno.land/std@0.159.0/fs/ensure_file.ts": "b8e32ea63aa21221d0219760ba3f741f682d7f7d68d0d24a3ec067c338568152",
    "https://deno.land/std@0.159.0/fs/ensure_link.ts": "5cc1c04f18487d7d1edf4c5469705f30b61390ffd24ad7db6df85e7209b32bb2",
    "https://deno.land/std@0.159.0/fs/ensure_symlink.ts": "5273557b8c50be69477aa9cb003b54ff2240a336db52a40851c97abce76b96ab",
    "https://deno.land/std@0.159.0/fs/eol.ts": "b92f0b88036de507e7e6fbedbe8f666835ea9dcbf5ac85917fa1fadc919f83a5",
    "https://deno.land/std@0.159.0/fs/exists.ts": "6a447912e49eb79cc640adacfbf4b0baf8e17ede6d5bed057062ce33c4fa0d68",
    "https://deno.land/std@0.159.0/fs/expand_glob.ts": "333a8b9b0726b6909e5af30fb99c68e5b0e734d37af8cbc2ad1f062f26ca4d50",
    "https://deno.land/std@0.159.0/fs/mod.ts": "354a6f972ef4e00c4dd1f1339a8828ef0764c1c23d3c0010af3fcc025d8655b0",
    "https://deno.land/std@0.159.0/fs/move.ts": "6d7fa9da60dbc7a32dd7fdbc2ff812b745861213c8e92ba96dace0669b0c378c",
    "https://deno.land/std@0.159.0/fs/walk.ts": "d6c73a2a2fb5fde60150ce27cff3fff420e72e5bb84131b4919c9a41d74712ce",
    "https://deno.land/std@0.159.0/hash/sha1.ts": "5dc389f8180210d0c23cd31e9a8acf23a80ec755bf660f655bed52608571cea1",
    "https://deno.land/std@0.159.0/hash/sha256.ts": "aa9479c260f41b72c639f36c3e4bc9319940b5d2e52fe793ebe3dc646d12832f",
    "https://deno.land/std@0.159.0/io/buffer.ts": "fae02290f52301c4e0188670e730cd902f9307fb732d79c4aa14ebdc82497289",
    "https://deno.land/std@0.159.0/io/types.d.ts": "0cae3a62da7a37043661746c65c021058bae020b54e50c0e774916e5d4baee43",
    "https://deno.land/std@0.159.0/node/_core.ts": "83860ad91022fe1ed759acc3f012dd7e2a4258bd4ee7eab8332110cba0d0be10",
    "https://deno.land/std@0.159.0/node/_events.d.ts": "3899ee9c37055fbb750e32cb43d7c435077c04446af948300080e1a590c6edf0",
    "https://deno.land/std@0.159.0/node/_events.mjs": "303e8aa60ace559e4ca0d19e8475f87311bee9e8330b4b497644d70f2002fc27",
    "https://deno.land/std@0.159.0/node/_fs/_fs_access.ts": "d53ad247ad04974fd8b5baa03442af09ce2842da1f35f9685b50b6c3bb030735",
    "https://deno.land/std@0.159.0/node/_fs/_fs_appendFile.ts": "f9d83bce0d3eae04246916da5b048313c24d88dfaf063f779c3434f0399d9042",
    "https://deno.land/std@0.159.0/node/_fs/_fs_chmod.ts": "c1a65080458afbeba8ad0824664f824b167c39ee02ef6b0d04bcbc123a3f897e",
    "https://deno.land/std@0.159.0/node/_fs/_fs_chown.ts": "e072f87628cfea956e945787f0e8af47be325b2e3183ae095279472b1fb9d085",
    "https://deno.land/std@0.159.0/node/_fs/_fs_close.ts": "b23915f763addce9d96116c1e3179d9d33c596903f57e20afa46c4333072a460",
    "https://deno.land/std@0.159.0/node/_fs/_fs_common.ts": "11de407c3037a132628f7ceea5f26843307a0980b6755c695c2741fe2483921c",
    "https://deno.land/std@0.159.0/node/_fs/_fs_constants.ts": "66a07e0c0279ec118851cf30570d25bce3ac13dedb269d53d04e342bbad28cca",
    "https://deno.land/std@0.159.0/node/_fs/_fs_copy.ts": "692b9235a9c267e4c2604b4a228da5ef1c0ad0977ed086187fc86bc978c82913",
    "https://deno.land/std@0.159.0/node/_fs/_fs_dir.ts": "1d1ecd45779fe90778afe808daa295ffddfd64568c58dfdacadc2b7b18c5dfb8",
    "https://deno.land/std@0.159.0/node/_fs/_fs_dirent.ts": "649c0a794e7b8d930cdd7e6a168b404aa0448bf784e0cfbe1bd6d25b99052273",
    "https://deno.land/std@0.159.0/node/_fs/_fs_exists.ts": "87b063b7b1a59b5d2302ba2de2204fbccc1bfbe7fafede8678694cae45b77682",
    "https://deno.land/std@0.159.0/node/_fs/_fs_fdatasync.ts": "bbd078fea6c62c64d898101d697aefbfbb722797a75e328a82c2a4f2e7eb963d",
    "https://deno.land/std@0.159.0/node/_fs/_fs_fstat.ts": "559ff6ff094337db37b0f3108aeaecf42672795af45b206adbd90105afebf9c6",
    "https://deno.land/std@0.159.0/node/_fs/_fs_fsync.ts": "590be69ce5363dd4f8867f244cfabe8df89d40f86bbbe44fd00d69411d0b798e",
    "https://deno.land/std@0.159.0/node/_fs/_fs_ftruncate.ts": "8eb2a9fcf026bd9b85dc07a22bc452c48db4be05ab83f5f2b6a0549e15c1f75f",
    "https://deno.land/std@0.159.0/node/_fs/_fs_futimes.ts": "89c71d38dd6b8e0a97470f3545d739ba04f6e3ca981a664404a825fd772ac2a2",
    "https://deno.land/std@0.159.0/node/_fs/_fs_link.ts": "f7c60f989a60becd6cdc1c553122be34f7c2ed83a900448757982683cebc0ffd",
    "https://deno.land/std@0.159.0/node/_fs/_fs_lstat.ts": "c26a406ccdbc95dd7dab75aca0019b45b41edc07bebd40d9de183780d647a064",
    "https://deno.land/std@0.159.0/node/_fs/_fs_mkdir.ts": "0949fcfbca0fe505c286140cd9fc82dcc0e7d95b6eead1adb14292179750def6",
    "https://deno.land/std@0.159.0/node/_fs/_fs_mkdtemp.ts": "a037c457d6542eb16df903f7126a4ddb174e37c7d7a58c6fbff86a2147b78509",
    "https://deno.land/std@0.159.0/node/_fs/_fs_open.ts": "5f2a940453c363b401ab1586f76e412f3e69bb32c3576fa9ffca46316b9f7599",
    "https://deno.land/std@0.159.0/node/_fs/_fs_opendir.ts": "6092198e34be65c9436d5cae1d781e3d3b7a3a5090ecf4691febeef2c1df6c57",
    "https://deno.land/std@0.159.0/node/_fs/_fs_read.ts": "6fda8778a0a9bbe87cf1a617fc5447b9ba7658ced0c87565c8e7c5e49a0821f0",
    "https://deno.land/std@0.159.0/node/_fs/_fs_readFile.ts": "7c42f8cb4bad2e37a53314de7831c0735bae010712fd914471850caa4d322ffd",
    "https://deno.land/std@0.159.0/node/_fs/_fs_readdir.ts": "8d186b470aea8411c794687b20effaf1f478abb59956c67b671691d9444b7786",
    "https://deno.land/std@0.159.0/node/_fs/_fs_readlink.ts": "a5582656af6f09361ecb408ed3c0ad3cc3afd683403539e4c22aa06deab90fc0",
    "https://deno.land/std@0.159.0/node/_fs/_fs_realpath.ts": "0bf961c7b13d83e39b21255237b7ef352beb778a8274d03f2419907a8cd5c09c",
    "https://deno.land/std@0.159.0/node/_fs/_fs_rename.ts": "9aa3cf6643499a38ccbfb14435239c7fc0da6b4cb5b5ab1c9e676d42daf27b71",
    "https://deno.land/std@0.159.0/node/_fs/_fs_rm.ts": "82e926fe3e11e2a7f56116d3b7005372c339010cc1a7566a37a5591d19d680c6",
    "https://deno.land/std@0.159.0/node/_fs/_fs_rmdir.ts": "109fb603373cf5318f8d2e19b3704b8493b4de954873df28a0d066afd0b0f5e0",
    "https://deno.land/std@0.159.0/node/_fs/_fs_stat.ts": "4ccc93cd1938e5dcc5298feb9c6f0bc9f444fa8565c726854ea40210b93d254c",
    "https://deno.land/std@0.159.0/node/_fs/_fs_symlink.ts": "a9fe02e745a8ab28e152f37e316cb204382f86ebafc3bcf32a9374cf9d369181",
    "https://deno.land/std@0.159.0/node/_fs/_fs_truncate.ts": "1fe9cba3a54132426927639c024a7a354455e5a13b3b3143ad1c25ed0b5fc288",
    "https://deno.land/std@0.159.0/node/_fs/_fs_unlink.ts": "d845c8067a2ba55c443e04d2706e6a4e53735488b30fc317418c9f75127913b0",
    "https://deno.land/std@0.159.0/node/_fs/_fs_utimes.ts": "194eeb8dab1ebdf274f784a38241553cc440305461b30c987ecef1a24dfc01ca",
    "https://deno.land/std@0.159.0/node/_fs/_fs_watch.ts": "aef811e78e04cff3da30dcd334af8d85018f915d1ec7b95f05b2e4c48a7b7a4f",
    "https://deno.land/std@0.159.0/node/_fs/_fs_write.d.ts": "deb5c1a98b6cb1aa79f773f3b8fc9410463f0e30fede1ff9df2652fc11b69d35",
    "https://deno.land/std@0.159.0/node/_fs/_fs_write.mjs": "265f1291a2e908fd2da9fc3cb541be09a592119a29767708354a3bec18645b04",
    "https://deno.land/std@0.159.0/node/_fs/_fs_writeFile.ts": "7bd32ee95836bb04f71c63f3f055de147953f431d3afa5596915c22cf33e41ed",
    "https://deno.land/std@0.159.0/node/_fs/_fs_writev.d.ts": "2cc02fc9ed20292e09a22bf215635804f397d9b8ed2df62067a42f3be1b31b76",
    "https://deno.land/std@0.159.0/node/_fs/_fs_writev.mjs": "e500af8857779d404302658225c249b89f20fa4c40058c645b555dd70ca6b54f",
    "https://deno.land/std@0.159.0/node/_global.d.ts": "6dadaf8cec2a0c506b22170617286e0bdc80be53dd0673e67fc7dd37a1130c68",
    "https://deno.land/std@0.159.0/node/_next_tick.ts": "81c1826675493b76f90c646fb1274a4c84b5cc913a80ca4526c32cd7c46a0b06",
    "https://deno.land/std@0.159.0/node/_process/exiting.ts": "bc9694769139ffc596f962087155a8bfef10101d03423b9dcbc51ce6e1f88fce",
    "https://deno.land/std@0.159.0/node/_process/process.ts": "d5bf113a4b62f4abe4cb7ec5a9d00d44dac0ad9e82a23d00cc27d71e05ae8b66",
    "https://deno.land/std@0.159.0/node/_process/stdio.mjs": "971c3b086040d8521562155db13f22f9971d5c42c852b2081d4d2f0d8b6ab6bd",
    "https://deno.land/std@0.159.0/node/_process/streams.mjs": "d0787350275a89b1719e9300ce6ad3d489488e785e3cf0265e705abf29cfb08b",
    "https://deno.land/std@0.159.0/node/_stream.d.ts": "83e9da2f81de3205926f1e86ba54442aa5a3caf4c5e84a4c8699402ad340142b",
    "https://deno.land/std@0.159.0/node/_stream.mjs": "4e8470f048f317c71cf4ba4894ca286a1ac2dc99e526a0e129c9a172c1079b7d",
    "https://deno.land/std@0.159.0/node/_util/_util_callbackify.ts": "a71353d5fde3dc785cfdf6b6bcad1379a9c78b374720af4aaa7f88ffab2bac0e",
    "https://deno.land/std@0.159.0/node/_utils.ts": "c86e0728dc99d46b1d590b677616b8c92b7e42e7a060a1975da77552d8cf8441",
    "https://deno.land/std@0.159.0/node/buffer.ts": "43f07b2d1523345bf35b7deb7fcdad6e916020a631a7bc1b5efcaff556db4e1d",
    "https://deno.land/std@0.159.0/node/events.ts": "f848398d3591534ca94ac6b852a9f3c4dbb2da310c3a26059cf4ff06b7eae088",
    "https://deno.land/std@0.159.0/node/fs.ts": "f948e8365914c122f8402e216ec10adf49bd60dd0da68e772f6fe083d4936186",
    "https://deno.land/std@0.159.0/node/fs/promises.ts": "a437b457b4e6c4fbe903bd9f619392b3b988a4e3521dade6c0974885d6d702a2",
    "https://deno.land/std@0.159.0/node/internal/assert.mjs": "118327c8866266534b30d3a36ad978204af7336dc2db3158b8167192918d4e06",
    "https://deno.land/std@0.159.0/node/internal/buffer.d.ts": "90f674081428a61978b6d481c5f557ff743a3f4a85d7ae113caab48fdf5b8a63",
    "https://deno.land/std@0.159.0/node/internal/buffer.mjs": "70b74b34f1617b3492aee6dec35c7bdabbf26e034bfcf640aa61b3d63c5c850f",
    "https://deno.land/std@0.159.0/node/internal/crypto/_keys.ts": "7f993ece8c8e94a292944518cf4173521c6bf01785e75be014cd45a9cc2e4ad5",
    "https://deno.land/std@0.159.0/node/internal/crypto/constants.ts": "d2c8821977aef55e4d66414d623c24a2447791a8b49b6404b8db32d81e20c315",
    "https://deno.land/std@0.159.0/node/internal/error_codes.ts": "ac03c4eae33de3a69d6c98e8678003207eecf75a6900eb847e3fea3c8c9e6d8f",
    "https://deno.land/std@0.159.0/node/internal/errors.ts": "0f66861ffd7a4ee3732098f758800a94154ad5d4bfa56aeb5480855cb3d7a8c6",
    "https://deno.land/std@0.159.0/node/internal/fixed_queue.ts": "455b3c484de48e810b13bdf95cd1658ecb1ba6bcb8b9315ffe994efcde3ba5f5",
    "https://deno.land/std@0.159.0/node/internal/fs/streams.ts": "e68430e65f42a8d8b793babae87dfaa406d61d3c54f985dcb0e3ee532eae8d4c",
    "https://deno.land/std@0.159.0/node/internal/fs/utils.mjs": "7b1bb3f46a676303d2a873bb9c36f199bd2c253451d4bd013ac906a6accea5bd",
    "https://deno.land/std@0.159.0/node/internal/hide_stack_frames.ts": "a91962ec84610bc7ec86022c4593cdf688156a5910c07b5bcd71994225c13a03",
    "https://deno.land/std@0.159.0/node/internal/idna.ts": "3aed89919e3078160733b6e6ac60fdb06052cf0418acbabcf86f90017d102b78",
    "https://deno.land/std@0.159.0/node/internal/net.ts": "1239886cd2508a68624c2dae8abf895e8aa3bb15a748955349f9ac5539032238",
    "https://deno.land/std@0.159.0/node/internal/normalize_encoding.mjs": "3779ec8a7adf5d963b0224f9b85d1bc974a2ec2db0e858396b5d3c2c92138a0a",
    "https://deno.land/std@0.159.0/node/internal/options.ts": "a23c285975e058cb26a19abcb048cd8b46ab12d21cfb028868ac8003fffb43ac",
    "https://deno.land/std@0.159.0/node/internal/primordials.mjs": "7cf5afe471583e4a384eeea109bdff276b6b7f3a3af830f99f951fb7d57ef423",
    "https://deno.land/std@0.159.0/node/internal/process/per_thread.mjs": "bc1be72a6a662bf81573c20fe74893374847a7302065ddf52fb3fb2af505f31f",
    "https://deno.land/std@0.159.0/node/internal/querystring.ts": "c3b23674a379f696e505606ddce9c6feabe9fc497b280c56705c340f4028fe74",
    "https://deno.land/std@0.159.0/node/internal/readline/callbacks.mjs": "17d9270a54fb5dceea8f894669e3401e5c6260bab075a1e9675a62f1fef50d8c",
    "https://deno.land/std@0.159.0/node/internal/readline/utils.mjs": "a93ebb99f85e0dbb4f05f4aff5583d12a15150e45c335e4ecf925e1879dc9c84",
    "https://deno.land/std@0.159.0/node/internal/streams/destroy.mjs": "9c9bbeb172a437041d529829f433df72cf0b63ae49f3ee6080a55ffbef7572ad",
    "https://deno.land/std@0.159.0/node/internal/streams/end-of-stream.mjs": "38be76eaceac231dfde643e72bc0940625446bf6d1dbd995c91c5ba9fd59b338",
    "https://deno.land/std@0.159.0/node/internal/streams/utils.mjs": "a0a6b93a7e68ef52bef4ed00b0c82bb7e335abf360af57335b07c6a3fcdde717",
    "https://deno.land/std@0.159.0/node/internal/url.ts": "eacef0ace4f4c5394e9818a81499f4871b2a993d1bd3b902047e44a381ef0e22",
    "https://deno.land/std@0.159.0/node/internal/util.mjs": "35d24fb775468cd24443bcf0ec68904b8aa44e5b53845491a5e3382421917f9a",
    "https://deno.land/std@0.159.0/node/internal/util/comparisons.ts": "4093f52f05d84842b46496e448fa8d708e25c6d6b8971505fd4913a9d7075934",
    "https://deno.land/std@0.159.0/node/internal/util/debuglog.ts": "570c399f0a066b81f0836eeb926b9142ae7f1738cee9abd85cd12ce32092d5af",
    "https://deno.land/std@0.159.0/node/internal/util/inspect.mjs": "1ddace0c97719d2cc0869ba177d375e96051301352ec235cbfb2ecbfcd4e8fba",
    "https://deno.land/std@0.159.0/node/internal/util/types.ts": "de6e2b7f9b9985ab881b1e78f05ae51d1fc829ae1584063df21e57b35312f3c4",
    "https://deno.land/std@0.159.0/node/internal/validators.mjs": "67deae0f488d013c8bf485742a5478112b8e48837cb2458c4a8b2669cf7017db",
    "https://deno.land/std@0.159.0/node/internal_binding/_libuv_winerror.ts": "801e05c2742ae6cd42a5f0fd555a255a7308a65732551e962e5345f55eedc519",
    "https://deno.land/std@0.159.0/node/internal_binding/_listen.ts": "c15a356ef4758770fc72d3ca4db33f0cc321016df1aafb927c027c0d73ac2c42",
    "https://deno.land/std@0.159.0/node/internal_binding/_node.ts": "e4075ba8a37aef4eb5b592c8e3807c39cb49ca8653faf8e01a43421938076c1b",
    "https://deno.land/std@0.159.0/node/internal_binding/_timingSafeEqual.ts": "80640f055101071cb3680a2d8a1fead5fd260ca8bf183efb94296b69463e06cd",
    "https://deno.land/std@0.159.0/node/internal_binding/_utils.ts": "1c50883b5751a9ea1b38951e62ed63bacfdc9d69ea665292edfa28e1b1c5bd94",
    "https://deno.land/std@0.159.0/node/internal_binding/_winerror.ts": "8811d4be66f918c165370b619259c1f35e8c3e458b8539db64c704fbde0a7cd2",
    "https://deno.land/std@0.159.0/node/internal_binding/ares.ts": "33ff8275bc11751219af8bd149ea221c442d7e8676e3e9f20ccb0e1f0aac61b8",
    "https://deno.land/std@0.159.0/node/internal_binding/async_wrap.ts": "b83e4021a4854b2e13720f96d21edc11f9905251c64c1bc625a361f574400959",
    "https://deno.land/std@0.159.0/node/internal_binding/buffer.ts": "781e1d13adc924864e6e37ecb5152e8a4e994cf394695136e451c47f00bda76c",
    "https://deno.land/std@0.159.0/node/internal_binding/cares_wrap.ts": "720e6d5cff7018bb3d00e1a49dd4c31f0fc6af3a593ab68cd39e3592ed163d61",
    "https://deno.land/std@0.159.0/node/internal_binding/config.ts": "e292217d048a33573966b7d25352828d3282921fbcadce8735a20fb3da370cc4",
    "https://deno.land/std@0.159.0/node/internal_binding/connection_wrap.ts": "9debd4210d29c658054476fcb640c900725f564ef35412c56dc79eb07213a7c1",
    "https://deno.land/std@0.159.0/node/internal_binding/constants.ts": "f4afc504137fb21f3908ab549931604968dfa62432b285a0874f41c4cade9ed2",
    "https://deno.land/std@0.159.0/node/internal_binding/contextify.ts": "e292217d048a33573966b7d25352828d3282921fbcadce8735a20fb3da370cc4",
    "https://deno.land/std@0.159.0/node/internal_binding/credentials.ts": "e292217d048a33573966b7d25352828d3282921fbcadce8735a20fb3da370cc4",
    "https://deno.land/std@0.159.0/node/internal_binding/crypto.ts": "d7f39700dc020364edf7f4785e5026bb91f099ce1bd02734182451b1af300c8c",
    "https://deno.land/std@0.159.0/node/internal_binding/errors.ts": "e292217d048a33573966b7d25352828d3282921fbcadce8735a20fb3da370cc4",
    "https://deno.land/std@0.159.0/node/internal_binding/fs.ts": "e292217d048a33573966b7d25352828d3282921fbcadce8735a20fb3da370cc4",
    "https://deno.land/std@0.159.0/node/internal_binding/fs_dir.ts": "e292217d048a33573966b7d25352828d3282921fbcadce8735a20fb3da370cc4",
    "https://deno.land/std@0.159.0/node/internal_binding/fs_event_wrap.ts": "e292217d048a33573966b7d25352828d3282921fbcadce8735a20fb3da370cc4",
    "https://deno.land/std@0.159.0/node/internal_binding/handle_wrap.ts": "3767a610b7b12c42635d7100f843981f0454ee3be7da249f85187e45043c3acd",
    "https://deno.land/std@0.159.0/node/internal_binding/heap_utils.ts": "e292217d048a33573966b7d25352828d3282921fbcadce8735a20fb3da370cc4",
    "https://deno.land/std@0.159.0/node/internal_binding/http_parser.ts": "e292217d048a33573966b7d25352828d3282921fbcadce8735a20fb3da370cc4",
    "https://deno.land/std@0.159.0/node/internal_binding/icu.ts": "e292217d048a33573966b7d25352828d3282921fbcadce8735a20fb3da370cc4",
    "https://deno.land/std@0.159.0/node/internal_binding/inspector.ts": "e292217d048a33573966b7d25352828d3282921fbcadce8735a20fb3da370cc4",
    "https://deno.land/std@0.159.0/node/internal_binding/js_stream.ts": "e292217d048a33573966b7d25352828d3282921fbcadce8735a20fb3da370cc4",
    "https://deno.land/std@0.159.0/node/internal_binding/messaging.ts": "e292217d048a33573966b7d25352828d3282921fbcadce8735a20fb3da370cc4",
    "https://deno.land/std@0.159.0/node/internal_binding/mod.ts": "f68e74e8eed84eaa6b0de24f0f4c47735ed46866d7ee1c5a5e7c0667b4f0540f",
    "https://deno.land/std@0.159.0/node/internal_binding/module_wrap.ts": "e292217d048a33573966b7d25352828d3282921fbcadce8735a20fb3da370cc4",
    "https://deno.land/std@0.159.0/node/internal_binding/native_module.ts": "e292217d048a33573966b7d25352828d3282921fbcadce8735a20fb3da370cc4",
    "https://deno.land/std@0.159.0/node/internal_binding/natives.ts": "e292217d048a33573966b7d25352828d3282921fbcadce8735a20fb3da370cc4",
    "https://deno.land/std@0.159.0/node/internal_binding/node_file.ts": "c96ee0b2af319a3916de950a6c4b0d5fb00d09395c51cd239c54d95d62567aaf",
    "https://deno.land/std@0.159.0/node/internal_binding/node_options.ts": "3cd5706153d28a4f5944b8b162c1c61b7b8e368a448fb1a2cff9f7957d3db360",
    "https://deno.land/std@0.159.0/node/internal_binding/options.ts": "e292217d048a33573966b7d25352828d3282921fbcadce8735a20fb3da370cc4",
    "https://deno.land/std@0.159.0/node/internal_binding/os.ts": "e292217d048a33573966b7d25352828d3282921fbcadce8735a20fb3da370cc4",
    "https://deno.land/std@0.159.0/node/internal_binding/performance.ts": "e292217d048a33573966b7d25352828d3282921fbcadce8735a20fb3da370cc4",
    "https://deno.land/std@0.159.0/node/internal_binding/pipe_wrap.ts": "ef88498ce6ff185966b6e0ba2aa0880e88eb92e8815e02e8e23fef9e711353e1",
    "https://deno.land/std@0.159.0/node/internal_binding/process_methods.ts": "e292217d048a33573966b7d25352828d3282921fbcadce8735a20fb3da370cc4",
    "https://deno.land/std@0.159.0/node/internal_binding/report.ts": "e292217d048a33573966b7d25352828d3282921fbcadce8735a20fb3da370cc4",
    "https://deno.land/std@0.159.0/node/internal_binding/serdes.ts": "e292217d048a33573966b7d25352828d3282921fbcadce8735a20fb3da370cc4",
    "https://deno.land/std@0.159.0/node/internal_binding/signal_wrap.ts": "e292217d048a33573966b7d25352828d3282921fbcadce8735a20fb3da370cc4",
    "https://deno.land/std@0.159.0/node/internal_binding/spawn_sync.ts": "e292217d048a33573966b7d25352828d3282921fbcadce8735a20fb3da370cc4",
    "https://deno.land/std@0.159.0/node/internal_binding/stream_wrap.ts": "ecbd50a6c6ff7f6fea9bdfdc7b3977637cd854814c812b59296458ca2f0fc209",
    "https://deno.land/std@0.159.0/node/internal_binding/string_decoder.ts": "5cb1863763d1e9b458bc21d6f976f16d9c18b3b3f57eaf0ade120aee38fba227",
    "https://deno.land/std@0.159.0/node/internal_binding/symbols.ts": "51cfca9bb6132d42071d4e9e6b68a340a7f274041cfcba3ad02900886e972a6c",
    "https://deno.land/std@0.159.0/node/internal_binding/task_queue.ts": "e292217d048a33573966b7d25352828d3282921fbcadce8735a20fb3da370cc4",
    "https://deno.land/std@0.159.0/node/internal_binding/tcp_wrap.ts": "555eb9e05099c051c3e330829209668142555a1c90411e2e97a0385e33bb8bf2",
    "https://deno.land/std@0.159.0/node/internal_binding/timers.ts": "e292217d048a33573966b7d25352828d3282921fbcadce8735a20fb3da370cc4",
    "https://deno.land/std@0.159.0/node/internal_binding/tls_wrap.ts": "e292217d048a33573966b7d25352828d3282921fbcadce8735a20fb3da370cc4",
    "https://deno.land/std@0.159.0/node/internal_binding/trace_events.ts": "e292217d048a33573966b7d25352828d3282921fbcadce8735a20fb3da370cc4",
    "https://deno.land/std@0.159.0/node/internal_binding/tty_wrap.ts": "e292217d048a33573966b7d25352828d3282921fbcadce8735a20fb3da370cc4",
    "https://deno.land/std@0.159.0/node/internal_binding/types.ts": "4c26fb74ba2e45de553c15014c916df6789529a93171e450d5afb016b4c765e7",
    "https://deno.land/std@0.159.0/node/internal_binding/udp_wrap.ts": "c4d98462a713e77a4bfa58cbc62207fae3fbe0b3e288cdbb9f7ff829ea12ad21",
    "https://deno.land/std@0.159.0/node/internal_binding/url.ts": "e292217d048a33573966b7d25352828d3282921fbcadce8735a20fb3da370cc4",
    "https://deno.land/std@0.159.0/node/internal_binding/util.ts": "faf5146c3cc3b2d6c26026a818b4a16e91488ab26e63c069f36ba3c3ae24c97b",
    "https://deno.land/std@0.159.0/node/internal_binding/uv.ts": "8c5b971a7e5e66584274fcb8aab958a6b3d5a6232ee8b3dec09b24047d6c008d",
    "https://deno.land/std@0.159.0/node/internal_binding/v8.ts": "e292217d048a33573966b7d25352828d3282921fbcadce8735a20fb3da370cc4",
    "https://deno.land/std@0.159.0/node/internal_binding/worker.ts": "e292217d048a33573966b7d25352828d3282921fbcadce8735a20fb3da370cc4",
    "https://deno.land/std@0.159.0/node/internal_binding/zlib.ts": "e292217d048a33573966b7d25352828d3282921fbcadce8735a20fb3da370cc4",
    "https://deno.land/std@0.159.0/node/path.ts": "c65858e9cbb52dbc0dd348eefcdc41e82906c39cfa7982f2d4d805e828414b8c",
    "https://deno.land/std@0.159.0/node/path/_constants.ts": "591787ca44a55859644a2d5dbaef43698ab29e72e58fd498ea5e8f78a341ba20",
    "https://deno.land/std@0.159.0/node/path/_interface.ts": "6034ee29f6f295460ec82db1a94df9269aecbb0eceb81be72e9d843f8e8a97e6",
    "https://deno.land/std@0.159.0/node/path/_util.ts": "70b4b58098c4638f3bf719fa700c95e308e3984a3f9aca551fab713426ba3cbe",
    "https://deno.land/std@0.159.0/node/path/common.ts": "f41a38a0719a1e85aa11c6ba3bea5e37c15dd009d705bd8873f94c833568cbc4",
    "https://deno.land/std@0.159.0/node/path/glob.ts": "d6b64a24f148855a6e8057a171a2f9910c39e492e4ccec482005205b28eb4533",
    "https://deno.land/std@0.159.0/node/path/mod.ts": "f9125e20031aac43eef8baa58d852427c762541574513f6870d1d0abd8103252",
    "https://deno.land/std@0.159.0/node/path/posix.ts": "8d92e4e7a9257eebe13312623a89fa0bdc8f75f81adc66641e10edc0a03bc3dd",
    "https://deno.land/std@0.159.0/node/path/separator.ts": "c908c9c28ebe7f1fea67daaccf84b63af90d882fe986f9fa03af9563a852723a",
    "https://deno.land/std@0.159.0/node/path/win32.ts": "06878dde1d89232c8c0dedd4ebe0420cc0ca73696f6028e4c57f802d9f7998a3",
    "https://deno.land/std@0.159.0/node/process.ts": "77271a8077885c9b322cd2a90145d03ccf4d329090aff173d96f35764221ec69",
    "https://deno.land/std@0.159.0/node/querystring.ts": "ec6d8bd8b138a5c53fe8bc25a37bdd654d5fb76918fb6543864d62474b3860a8",
    "https://deno.land/std@0.159.0/node/stream.ts": "2c6d5d207d0ad295f396b34fd03a908c1638beb1754bc9c1fccd9a4cdcace8be",
    "https://deno.land/std@0.159.0/node/string_decoder.ts": "51ce85a173d2e36ac580d418bb48b804adb41732fc8bd85f7d5d27b7accbc61f",
    "https://deno.land/std@0.159.0/node/url.ts": "79e7f78678301df8cf15c5f0d4446a7e4754a9e641a99da41b8c0568587e9b84",
    "https://deno.land/std@0.159.0/node/util.ts": "e926d996318017b41812983cacde63e39c92385de7a19a0cb788fc68f73318db",
    "https://deno.land/std@0.159.0/node/util/types.ts": "5948b43e834f73a4becf85b02049632560c65da9c1127e5c533c83d200d3dfcd",
    "https://deno.land/std@0.159.0/path/_constants.ts": "df1db3ffa6dd6d1252cc9617e5d72165cd2483df90e93833e13580687b6083c3",
    "https://deno.land/std@0.159.0/path/_interface.ts": "ee3b431a336b80cf445441109d089b70d87d5e248f4f90ff906820889ecf8d09",
    "https://deno.land/std@0.159.0/path/_util.ts": "d16be2a16e1204b65f9d0dfc54a9bc472cafe5f4a190b3c8471ec2016ccd1677",
    "https://deno.land/std@0.159.0/path/common.ts": "bee563630abd2d97f99d83c96c2fa0cca7cee103e8cb4e7699ec4d5db7bd2633",
    "https://deno.land/std@0.159.0/path/glob.ts": "cb5255638de1048973c3e69e420c77dc04f75755524cb3b2e160fe9277d939ee",
    "https://deno.land/std@0.159.0/path/mod.ts": "56fec03ad0ebd61b6ab39ddb9b0ddb4c4a5c9f2f4f632e09dd37ec9ebfd722ac",
    "https://deno.land/std@0.159.0/path/posix.ts": "c1f7afe274290ea0b51da07ee205653b2964bd74909a82deb07b69a6cc383aaa",
    "https://deno.land/std@0.159.0/path/separator.ts": "fe1816cb765a8068afb3e8f13ad272351c85cbc739af56dacfc7d93d710fe0f9",
    "https://deno.land/std@0.159.0/path/win32.ts": "bd7549042e37879c68ff2f8576a25950abbfca1d696d41d82c7bca0b7e6f452c",
    "https://deno.land/std@0.159.0/streams/conversion.ts": "cc6ead659fd851f2461415e6a1b63844e36d8f467a31d600963d317c452cdeec",
    "https://deno.land/std@0.159.0/testing/_diff.ts": "a23e7fc2b4d8daa3e158fa06856bedf5334ce2a2831e8bf9e509717f455adb2c",
    "https://deno.land/std@0.159.0/testing/_format.ts": "cd11136e1797791045e639e9f0f4640d5b4166148796cad37e6ef75f7d7f3832",
    "https://deno.land/std@0.159.0/testing/asserts.ts": "9ff3259f6cdc2908af478f9340f4e470d23234324bd33e7f74c683a00ed4d211",
    "https://deno.land/std@0.97.0/fmt/colors.ts": "db22b314a2ae9430ae7460ce005e0a7130e23ae1c999157e3bb77cf55800f7e4",
    "https://deno.land/std@0.97.0/testing/_diff.ts": "961eaf6d9f5b0a8556c9d835bbc6fa74f5addd7d3b02728ba7936ff93364f7a3",
    "https://deno.land/std@0.97.0/testing/asserts.ts": "341292d12eebc44be4c3c2ca101ba8b6b5859cef2fa69d50c217f9d0bfbcfd1f",
    "https://deno.land/x/edgedb@v1.0.2/_src/adapter.deno.ts": "6d5d0d01d310ef5ac5c19601c9da61a0362714f6b0291ab13b66bf09b4c45b21",
    "https://deno.land/x/edgedb@v1.0.2/_src/adapter.shared.deno.ts": "445f10ae799dd651d8bc0d2f6015e750078a98c9dcf03e7c95d2ef451a296dd0",
    "https://deno.land/x/edgedb@v1.0.2/_src/baseClient.ts": "1ee89a936422304df4ff905607c22c6648c29ae44a312bdec2d9cf2a648fb953",
    "https://deno.land/x/edgedb@v1.0.2/_src/baseConn.ts": "4af5893a07cf1c82ead8b8a235227eb812674f016d2c0d50aa16783fcdbc9f10",
    "https://deno.land/x/edgedb@v1.0.2/_src/browserClient.ts": "fd10979c48d74b99855ea1ef5194f12da9c0115e5e9a6ef2f1081c40c9c9ea9c",
    "https://deno.land/x/edgedb@v1.0.2/_src/codecs/array.ts": "4d1ec3df914ab957945ddeab222d57c3e8426554902a327d0443a05083877c37",
    "https://deno.land/x/edgedb@v1.0.2/_src/codecs/boolean.ts": "1368761d503b2d861fb6a956837b9011b9477dbb59af93e4ae607cf52ed1e3c4",
    "https://deno.land/x/edgedb@v1.0.2/_src/codecs/bytes.ts": "324d4de5b889819ba2408bca7a11ec04167073f86423fc0e74110810d8ce5f68",
    "https://deno.land/x/edgedb@v1.0.2/_src/codecs/codecs.ts": "8ae4f0501a7019f33a80d13292908914aa3d13f5c32d16e8eabfb6c54515a7e9",
    "https://deno.land/x/edgedb@v1.0.2/_src/codecs/consts.ts": "35c7795dbf080f90928cbfe6b40ec63fbbc1223855060e8ae25019e2c2236630",
    "https://deno.land/x/edgedb@v1.0.2/_src/codecs/datetime.ts": "5106c762eef73789757aacf8394be5e404bb232f49d0295c608a184a43063473",
    "https://deno.land/x/edgedb@v1.0.2/_src/codecs/enum.ts": "2e7d8c5e6d99331083a6c4dcf0f538a582b80d07575be01050eef8b425998c1b",
    "https://deno.land/x/edgedb@v1.0.2/_src/codecs/ifaces.ts": "1cd00a380a4ee8c803fa99b6d698c066122200d230c8845f8fac3f10eb018082",
    "https://deno.land/x/edgedb@v1.0.2/_src/codecs/json.ts": "c7a5fc7f007f4d9b861d5ab23d4326d8818954681a6993be2d79beef572c9c19",
    "https://deno.land/x/edgedb@v1.0.2/_src/codecs/memory.ts": "1597e8a3825e9fcda129eb4f0704e2333b1be868e31a79072200448bfa68b6ce",
    "https://deno.land/x/edgedb@v1.0.2/_src/codecs/namedtuple.ts": "c792208233109614ec929dcaf6ddb8b7824e2e2bbe2fd74d927c909581120ac4",
    "https://deno.land/x/edgedb@v1.0.2/_src/codecs/numbers.ts": "f508ec4eaae46a2a5773e5073ae992bffc53b831db4a6a54e80c91d5ee23d059",
    "https://deno.land/x/edgedb@v1.0.2/_src/codecs/numerics.ts": "733b218dc799285dfb048d48a054ce24ef87a11a3e9dde33e67b6b84d00a791b",
    "https://deno.land/x/edgedb@v1.0.2/_src/codecs/object.ts": "457d809b09af5328001ff4b9db5c47a3e376f31af03ede6dd9b33415428830c5",
    "https://deno.land/x/edgedb@v1.0.2/_src/codecs/range.ts": "8d761acdc3a645d7d4a4187ddfc57bff1e428829707ffcd009e4852f9106b761",
    "https://deno.land/x/edgedb@v1.0.2/_src/codecs/registry.ts": "1d9770fd78be72c5e76937e3f15ca62be41a6044436f96e0a34923a0a88812aa",
    "https://deno.land/x/edgedb@v1.0.2/_src/codecs/set.ts": "b834b970f9ee0900cc9feb666fb50887858d7f657d6debbb9c94cff90132a153",
    "https://deno.land/x/edgedb@v1.0.2/_src/codecs/sparseObject.ts": "f81240be7c4e755e469589030ccdff24c3110b2e858f22c0a89a8ec0373bd0c3",
    "https://deno.land/x/edgedb@v1.0.2/_src/codecs/text.ts": "4028424171540813864eb6ec8fbfa1384f0d4d7b41c4ae06c16c999415102544",
    "https://deno.land/x/edgedb@v1.0.2/_src/codecs/tuple.ts": "d520e4cb6986930e53597f67e388342d983e9535530fceb43932ac6c6421b50e",
    "https://deno.land/x/edgedb@v1.0.2/_src/codecs/uuid.ts": "d8407beea11d381fdb181e3e5f21333708f56ada24887b45695f12c0ad576486",
    "https://deno.land/x/edgedb@v1.0.2/_src/compat.ts": "41d3f8d64bab05b4b6d33977546bd94858b2ec3dd83c8f91042e40f1bdc4e45c",
    "https://deno.land/x/edgedb@v1.0.2/_src/conUtils.server.ts": "62c1208538649ba684575823561b8d769af1d0888af40491dda90a613f762e09",
    "https://deno.land/x/edgedb@v1.0.2/_src/conUtils.ts": "d8c1a683155dae48e75cc1122d44ea668a7f1013ff1febc4ba5db0717f5d435f",
    "https://deno.land/x/edgedb@v1.0.2/_src/credentials.ts": "52b3beb91add1510d62b4d539813c7af1a17d32922b6ca2b577cc3414b7cb118",
    "https://deno.land/x/edgedb@v1.0.2/_src/datatypes/datetime.ts": "aec3ea406b7c6fc5fadcdf8464920e0f36382e2c63faf2eaeb40ae1688c7ed6d",
    "https://deno.land/x/edgedb@v1.0.2/_src/datatypes/dateutil.ts": "7c69e47b69e2fce7034ef23c65cd513c669c9152ba9da19cb0a43dc8a79a4b0f",
    "https://deno.land/x/edgedb@v1.0.2/_src/datatypes/memory.ts": "6aef4985a00a9fcc1f61c314ecf7e6ba09ca406e31161dc650ec58251ba88cd6",
    "https://deno.land/x/edgedb@v1.0.2/_src/datatypes/range.ts": "69c2a5cccca7e443fc95410011ee4b578386a303793b1ef3ac1649f54361e387",
    "https://deno.land/x/edgedb@v1.0.2/_src/errors/base.ts": "a530474d2131f034c9e36f3e1451820e2952fc85b8237d026d9de397389815f9",
    "https://deno.land/x/edgedb@v1.0.2/_src/errors/index.ts": "6fd53eccc3c110e01cb021919253ddf9fcaf5f7bb1b604f63434a40ad641c4c2",
    "https://deno.land/x/edgedb@v1.0.2/_src/errors/map.ts": "51b601c768ad0c7a9bf81782667ef2365ca36a452c3a263df2e8570db6dd14f2",
    "https://deno.land/x/edgedb@v1.0.2/_src/errors/resolve.ts": "45436483bd2638af380f05e28d9f68e08c9778ee89c7b7480634dc447d1e4150",
    "https://deno.land/x/edgedb@v1.0.2/_src/errors/tags.ts": "0f434724835447fb4ac866e9051b3f25501a16dcc2cb7de700d05a16908c02a0",
    "https://deno.land/x/edgedb@v1.0.2/_src/fetchConn.ts": "352140ec9c21e07bb5da61d9027dc472eb77843371da9cfffc3140e14cf1415d",
    "https://deno.land/x/edgedb@v1.0.2/_src/globals.deno.ts": "0b0dbc2f00863f1fe439b532949fcb18aeb8a7a54328edc02e683ec9bc6db34b",
    "https://deno.land/x/edgedb@v1.0.2/_src/httpScram.ts": "1a35a12547b34dbe6c060374e74074dc3d83fe65c9bd5405ba17ea0a5e706d96",
    "https://deno.land/x/edgedb@v1.0.2/_src/ifaces.ts": "5f4ac8d90710a8f12767508ae4b8eaf1abe5c7e9e9f7b90745d077787ceb173b",
    "https://deno.land/x/edgedb@v1.0.2/_src/index.shared.ts": "178f7a00dd5114e17b94f807191be3f121e1d0f12c8fbb34e09cc0255b6a2d2b",
    "https://deno.land/x/edgedb@v1.0.2/_src/nodeClient.ts": "fc50de2e676593c5c18f0b8f9b3561778d125261ac424c6fed2a444455f212b7",
    "https://deno.land/x/edgedb@v1.0.2/_src/options.ts": "a3c11cbd93eb4aca9b5ad1c25272dac5eee207f08400c7eb90b41caed8c1450a",
    "https://deno.land/x/edgedb@v1.0.2/_src/platform.ts": "1495b6f06969e758ee9f4b4c69cf219113e52c070e2432d3a856642907d02a8c",
    "https://deno.land/x/edgedb@v1.0.2/_src/primitives/bigint.ts": "c24682af22e618f67778325aa2feebb6f168bdf1a61fd49a28c1d5acd1f6a648",
    "https://deno.land/x/edgedb@v1.0.2/_src/primitives/buffer.ts": "34474ae49fb411f8f9899b32cdc84970c4926a4a3a454fbcb499812320ead02b",
    "https://deno.land/x/edgedb@v1.0.2/_src/primitives/chars.ts": "47eba6712eaf206c197caa09462fbcdf09a6248bfe3318a8b08e28ebe5076185",
    "https://deno.land/x/edgedb@v1.0.2/_src/primitives/event.ts": "ca90e9a982fea64da66e22b7663a95ece23f251017313440e17cb6c6dc3eaf5b",
    "https://deno.land/x/edgedb@v1.0.2/_src/primitives/lru.ts": "0650824c50616b5ad30b53d9dee50b9aecaee398df9a2e373b0612879c13c0f4",
    "https://deno.land/x/edgedb@v1.0.2/_src/primitives/queues.ts": "dc600f185136ad6fa6047067022ba2a7f33d29441e630ff0e4cb06a35591422d",
    "https://deno.land/x/edgedb@v1.0.2/_src/primitives/ring.ts": "afd96a9eb1dd6e401c695f932306faf9f79d9fbfa319f98e80ba659bcfc8a2aa",
    "https://deno.land/x/edgedb@v1.0.2/_src/rawConn.ts": "725fc510ce814cdeac3dedafcf262b94699bb2630207167834f9ce3feef53f9e",
    "https://deno.land/x/edgedb@v1.0.2/_src/reflection/analyzeQuery.ts": "b5a7c291c17cabd70fbf644b6f799d0d61ad1ba16cffad39594554785376b67d",
    "https://deno.land/x/edgedb@v1.0.2/_src/reflection/enums.ts": "16bd5e3e7fd4f9554500e379eb7ebc34bd589db4020e27b0acd7d0ab33ad9015",
    "https://deno.land/x/edgedb@v1.0.2/_src/reflection/index.ts": "60924ea72c565b7cc5f9381f16f765a362d668c215715ebaba02fab75cbd9bf2",
    "https://deno.land/x/edgedb@v1.0.2/_src/reflection/queries.ts": "c7fad0bc2b23c8384d75c2d465ba4d03e817e30cd5af61b1eea7026a4cb5bea2",
    "https://deno.land/x/edgedb@v1.0.2/_src/reflection/queries/casts.ts": "7fc19b81ceaba281663453b22c9516215c259dc8b4d4dfb15cbb925102600a11",
    "https://deno.land/x/edgedb@v1.0.2/_src/reflection/queries/functions.ts": "a1d727abfb071b85f75e3e71f250ad2d52762cc860f4757a9339427f474ba701",
    "https://deno.land/x/edgedb@v1.0.2/_src/reflection/queries/globals.ts": "c0053c440e519ee2ad803816a46e9ed87ed2e28183aec56ca2565945b9d76642",
    "https://deno.land/x/edgedb@v1.0.2/_src/reflection/queries/operators.ts": "01896839b5dfe5e619e6bcf65b8c65d101a197faa8883647568c43ce72f34303",
    "https://deno.land/x/edgedb@v1.0.2/_src/reflection/queries/queryTypes.ts": "a6aa21317c1bf3723ba37a731d656077aafee0d6aa8432fa90e31bbc70509597",
    "https://deno.land/x/edgedb@v1.0.2/_src/reflection/queries/scalars.ts": "4d86e01af5b89c4f0ef432fa3e8c080a125d4ac903209e288c903c6facea4082",
    "https://deno.land/x/edgedb@v1.0.2/_src/reflection/queries/types.ts": "b5301729f504379cc6652da886e81d85f87e9972422121f7c2c172d439e9cdd0",
    "https://deno.land/x/edgedb@v1.0.2/_src/reflection/reservedKeywords.ts": "58ea193c3514c2938dd1e74b67f058dc68bd2bf9c3702a676590135df2b3e70b",
    "https://deno.land/x/edgedb@v1.0.2/_src/reflection/strictMap.ts": "aedcb599a569ed5bd927e8c0052cd8900f51e3d5db69771e5e0bac0f04a2a273",
    "https://deno.land/x/edgedb@v1.0.2/_src/reflection/typeutil.ts": "f5dbe7fab8320010252cf3fd6b5d4330737ebaea6849cad0c432e762683f0ed8",
    "https://deno.land/x/edgedb@v1.0.2/_src/reflection/util.ts": "7e3b9fe33ad0f87a1e536cc041870c536bef6126404c3faf8d192b7b373881be",
    "https://deno.land/x/edgedb@v1.0.2/_src/retry.ts": "e427b7179e00dba24770b0b5a821ed0b14d9375c15d66dd27e3005b7ca4edf9a",
    "https://deno.land/x/edgedb@v1.0.2/_src/scram.ts": "66aa3e90148106556099a10992ca9509f3bef6ed32f069536f3ef3ff3ac85319",
    "https://deno.land/x/edgedb@v1.0.2/_src/transaction.ts": "f89a87b751c0f8d378429a81e6936aea94c5db10f8eb789c4141e8da536632ad",
    "https://deno.land/x/edgedb@v1.0.2/_src/utils.ts": "94efc3e99f3ec900ca68d6ac5d565d0837bdef8860a8b7af07f04579cd158456",
    "https://deno.land/x/edgedb@v1.0.2/mod.ts": "f17a8bc4c908e04fecba4d603e92939f39df0af2e37d357a8506cecd55eef04d",
    "https://deno.land/x/expect@v0.2.10/expect.ts": "545ef81ace95c044ca9277b26cc8d5db8c3605106d40aff7fa135eee970df1f4",
    "https://deno.land/x/expect@v0.2.10/matchers.ts": "ba7360b73c5031a22449fa98eb4d5dbe7f256a88dd4c22ccae96dc6c01f0b19c",
    "https://deno.land/x/expect@v0.2.10/mock.ts": "562d4b1d735d15b0b8e935f342679096b64fe452f86e96714fe8616c0c884914",
    "https://deno.land/x/expect@v0.2.10/mod.ts": "0304d2430e1e96ba669a8495e24ba606dcc3d152e1f81aaa8da898cea24e36c2"
  }
}